# THIS IS AN AUTOGENERATED FILE. DO NOT EDIT THIS FILE DIRECTLY.
# yarn lockfile v1


"@types/node@^18.14.0":
  "integrity" "sha512-5EWrvLmglK+imbCJY0+INViFWUHg1AHel1sq4ZVSfdcNqGy9Edv3UB9IIzzg+xPaUcAgZYcfVs2fBcwDeZzU0A=="
  "resolved" "https://registry.npmjs.org/@types/node/-/node-18.14.0.tgz"
  "version" "18.14.0"

"@types/typescript@^2.0.0":
  "integrity" "sha512-WMEWfMISiJ2QKyk5/dSdgL0ZwP//PZj0jmDU0hMh51FmLq4WIYzjlngsUQZXejQL+QtkXJUOGjb3G3UCvgZuSQ=="
  "resolved" "https://registry.npmjs.org/@types/typescript/-/typescript-2.0.0.tgz"
  "version" "2.0.0"
  dependencies:
    "typescript" "*"

"csv-parse@^5.3.5":
  "integrity" "sha512-8O5KTIRtwmtD3+EVfW6BCgbwZqJbhTYsQZry12F1TP5RUp0sD9tp1UnCWic3n0mLOhzeocYaCZNYxOGSg3dmmQ=="
  "resolved" "https://registry.npmjs.org/csv-parse/-/csv-parse-5.3.5.tgz"
  "version" "5.3.5"

"typescript@*", "typescript@^4.9.5":
  "integrity" "sha512-1FXk9E2Hm+QzZQ7z+McJiHL4NW1F2EzMu9Nq9i3zAaGqibafqYwCVU6WyWAuyQRRzOlxou8xZSyXLEN8oKj24g=="
  "resolved" "https://registry.npmjs.org/typescript/-/typescript-4.9.5.tgz"
  "version" "4.9.5"
